{
  "object": {
    "pins": [
      {
        "package": "Alamofire",
        "repositoryURL": "https://github.com/Alamofire/Alamofire.git",
        "state": {
          "branch": null,
          "revision": "7be73f6c2b5cd90e40798b06ebd5da8f9f79cf88",
          "version": "5.11.0"
        }
      },
      {
        "package": "AlamofireImage",
        "repositoryURL": "https://github.com/Alamofire/AlamofireImage.git",
        "state": {
          "branch": null,
          "revision": "1eaf3b6c6882bed10f6e7b119665599dd2329aa1",
          "version": "4.3.0"
        }
      },
      {
        "package": "Kingfisher",
        "repositoryURL": "https://github.com/onevcat/Kingfisher.git",
        "state": {
          "branch": null,
          "revision": "d30a5fad881137e2267f96a8e3fc35c58999bb94",
          "version": "8.6.2"
        }
      },
      {
        "package": "SDWebImage",
        "repositoryURL": "https://github.com/SDWebImage/SDWebImage.git",
        "state": {
          "branch": null,
          "revision": "36e79ba485e9bb4d3cd4e3318908866dac5e7b51",
          "version": "5.21.5"
        }
      }
    ]
  },
  "version": 1
}
